// !$*UTF8*$!
{
	archiveVersion = 1;
	classes = {
	};
	objectVersion = 56;
	objects = {

/* Begin PBXBuildFile section */
		EF0101072B34D14200BB0556 /* ViewControllerExtension.swift in Sources */ = {isa = PBXBuildFile; fileRef = EF0101062B34D14200BB0556 /* ViewControllerExtension.swift */; };
		EF0101092B34D23700BB0556 /* StringConstants.swift in Sources */ = {isa = PBXBuildFile; fileRef = EF0101082B34D23700BB0556 /* StringConstants.swift */; };
		EF01010F2B34DAFE00BB0556 /* ImagePreviewViewController.swift in Sources */ = {isa = PBXBuildFile; fileRef = EF01010E2B34DAFE00BB0556 /* ImagePreviewViewController.swift */; };
		EF20310D2B3425190002669E /* AppDelegate.swift in Sources */ = {isa = PBXBuildFile; fileRef = EF20310C2B3425190002669E /* AppDelegate.swift */; };
		EF20310F2B3425190002669E /* SceneDelegate.swift in Sources */ = {isa = PBXBuildFile; fileRef = EF20310E2B3425190002669E /* SceneDelegate.swift */; };
		EF2031112B3425190002669E /* ViewController.swift in Sources */ = {isa = PBXBuildFile; fileRef = EF2031102B3425190002669E /* ViewController.swift */; };
		EF2031142B3425190002669E /* Main.storyboard in Resources */ = {isa = PBXBuildFile; fileRef = EF2031122B3425190002669E /* Main.storyboard */; };
		EF2031162B34251C0002669E /* Assets.xcassets in Resources */ = {isa = PBXBuildFile; fileRef = EF2031152B34251C0002669E /* Assets.xcassets */; };
		EF2031192B34251C0002669E /* LaunchScreen.storyboard in Resources */ = {isa = PBXBuildFile; fileRef = EF2031172B34251C0002669E /* LaunchScreen.storyboard */; };
		EF2031232B3452F80002669E /* PhotoCell.swift in Sources */ = {isa = PBXBuildFile; fileRef = EF2031222B3452F80002669E /* PhotoCell.swift */; };
/* End PBXBuildFile section */

/* Begin PBXFileReference section */
		EF0101062B34D14200BB0556 /* ViewControllerExtension.swift */ = {isa = PBXFileReference; lastKnownFileType = sourcecode.swift; path = ViewControllerExtension.swift; sourceTree = "<group>"; };
		EF0101082B34D23700BB0556 /* StringConstants.swift */ = {isa = PBXFileReference; lastKnownFileType = sourcecode.swift; path = StringConstants.swift; sourceTree = "<group>"; };
		EF01010E2B34DAFE00BB0556 /* ImagePreviewViewController.swift */ = {isa = PBXFileReference; lastKnownFileType = sourcecode.swift; path = ImagePreviewViewController.swift; sourceTree = "<group>"; };
		EF2031092B3425190002669E /* iOS Assessment.app */ = {isa = PBXFileReference; explicitFileType = wrapper.application; includeInIndex = 0; path = "iOS Assessment.app"; sourceTree = BUILT_PRODUCTS_DIR; };
		EF20310C2B3425190002669E /* AppDelegate.swift */ = {isa = PBXFileReference; lastKnownFileType = sourcecode.swift; path = AppDelegate.swift; sourceTree = "<group>"; };
		EF20310E2B3425190002669E /* SceneDelegate.swift */ = {isa = PBXFileReference; lastKnownFileType = sourcecode.swift; path = SceneDelegate.swift; sourceTree = "<group>"; };
		EF2031102B3425190002669E /* ViewController.swift */ = {isa = PBXFileReference; lastKnownFileType = sourcecode.swift; path = ViewController.swift; sourceTree = "<group>"; };
		EF2031132B3425190002669E /* Base */ = {isa = PBXFileReference; lastKnownFileType = file.storyboard; name = Base; path = Base.lproj/Main.storyboard; sourceTree = "<group>"; };
		EF2031152B34251C0002669E /* Assets.xcassets */ = {isa = PBXFileReference; lastKnownFileType = folder.assetcatalog; path = Assets.xcassets; sourceTree = "<group>"; };
		EF2031182B34251C0002669E /* Base */ = {isa = PBXFileReference; lastKnownFileType = file.storyboard; name = Base; path = Base.lproj/LaunchScreen.storyboard; sourceTree = "<group>"; };
		EF20311A2B34251C0002669E /* Info.plist */ = {isa = PBXFileReference; lastKnownFileType = text.plist.xml; path = Info.plist; sourceTree = "<group>"; };
		EF2031222B3452F80002669E /* PhotoCell.swift */ = {isa = PBXFileReference; lastKnownFileType = sourcecode.swift; path = PhotoCell.swift; sourceTree = "<group>"; };
/* End PBXFileReference section */

/* Begin PBXFrameworksBuildPhase section */
		EF2031062B3425190002669E /* Frameworks */ = {
			isa = PBXFrameworksBuildPhase;
			buildActionMask = 2147483647;
			files = (
			);
			runOnlyForDeploymentPostprocessing = 0;
		};
/* End PBXFrameworksBuildPhase section */

/* Begin PBXGroup section */
		EF0101052B34D0F200BB0556 /* Extensions */ = {
			isa = PBXGroup;
			children = (
				EF0101062B34D14200BB0556 /* ViewControllerExtension.swift */,
				EF0101082B34D23700BB0556 /* StringConstants.swift */,
			);
			path = Extensions;
			sourceTree = "<group>";
		};
		EF01010A2B34D2A900BB0556 /* Helpers */ = {
			isa = PBXGroup;
			children = (
				EF20310C2B3425190002669E /* AppDelegate.swift */,
				EF20310E2B3425190002669E /* SceneDelegate.swift */,
			);
			path = Helpers;
			sourceTree = "<group>";
		};
		EF01010B2B34D30900BB0556 /* Controllers */ = {
			isa = PBXGroup;
			children = (
				EF2031222B3452F80002669E /* PhotoCell.swift */,
				EF2031102B3425190002669E /* ViewController.swift */,
				EF01010E2B34DAFE00BB0556 /* ImagePreviewViewController.swift */,
			);
			path = Controllers;
			sourceTree = "<group>";
		};
		EF2031002B3425190002669E = {
			isa = PBXGroup;
			children = (
				EF20310B2B3425190002669E /* iOS Assessment */,
				EF20310A2B3425190002669E /* Products */,
			);
			sourceTree = "<group>";
		};
		EF20310A2B3425190002669E /* Products */ = {
			isa = PBXGroup;
			children = (
				EF2031092B3425190002669E /* iOS Assessment.app */,
			);
			name = Products;
			sourceTree = "<group>";
		};
		EF20310B2B3425190002669E /* iOS Assessment */ = {
			isa = PBXGroup;
			children = (
				EF01010B2B34D30900BB0556 /* Controllers */,
				EF01010A2B34D2A900BB0556 /* Helpers */,
				EF0101052B34D0F200BB0556 /* Extensions */,
				EF2031122B3425190002669E /* Main.storyboard */,
				EF2031152B34251C0002669E /* Assets.xcassets */,
				EF2031172B34251C0002669E /* LaunchScreen.storyboard */,
				EF20311A2B34251C0002669E /* Info.plist */,
			);
			path = "iOS Assessment";
			sourceTree = "<group>";
		};
/* End PBXGroup section */

/* Begin PBXNativeTarget section */
		EF2031082B3425190002669E /* iOS Assessment */ = {
			isa = PBXNativeTarget;
			buildConfigurationList = EF20311D2B34251C0002669E /* Build configuration list for PBXNativeTarget "iOS Assessment" */;
			buildPhases = (
				EF2031052B3425190002669E /* Sources */,
				EF2031062B3425190002669E /* Frameworks */,
				EF2031072B3425190002669E /* Resources */,
			);
			buildRules = (
			);
			dependencies = (
			);
			name = "iOS Assessment";
			productName = "iOS Assessment";
			productReference = EF2031092B3425190002669E /* iOS Assessment.app */;
			productType = "com.apple.product-type.application";
		};
/* End PBXNativeTarget section */

/* Begin PBXProject section */
		EF2031012B3425190002669E /* Project object */ = {
			isa = PBXProject;
			attributes = {
				BuildIndependentTargetsInParallel = 1;
				LastSwiftUpdateCheck = 1510;
				LastUpgradeCheck = 1510;
				TargetAttributes = {
					EF2031082B3425190002669E = {
						CreatedOnToolsVersion = 15.1;
					};
				};
			};
			buildConfigurationList = EF2031042B3425190002669E /* Build configuration list for PBXProject "iOS Assessment" */;
			compatibilityVersion = "Xcode 14.0";
			developmentRegion = en;
			hasScannedForEncodings = 0;
			knownRegions = (
				en,
				Base,
			);
			mainGroup = EF2031002B3425190002669E;
			productRefGroup = EF20310A2B3425190002669E /* Products */;
			projectDirPath = "";
			projectRoot = "";
			targets = (
				EF2031082B3425190002669E /* iOS Assessment */,
			);
		};
/* End PBXProject section */

/* Begin PBXResourcesBuildPhase section */
		EF2031072B3425190002669E /* Resources */ = {
			isa = PBXResourcesBuildPhase;
			buildActionMask = 2147483647;
			files = (
				EF2031192B34251C0002669E /* LaunchScreen.storyboard in Resources */,
				EF2031162B34251C0002669E /* Assets.xcassets in Resources */,
				EF2031142B3425190002669E /* Main.storyboard in Resources */,
			);
			runOnlyForDeploymentPostprocessing = 0;
		};
/* End PBXResourcesBuildPhase section */

/* Begin PBXSourcesBuildPhase section */
		EF2031052B3425190002669E /* Sources */ = {
			isa = PBXSourcesBuildPhase;
			buildActionMask = 2147483647;
			files = (
				EF2031232B3452F80002669E /* PhotoCell.swift in Sources */,
				EF2031112B3425190002669E /* ViewController.swift in Sources */,
				EF0101092B34D23700BB0556 /* StringConstants.swift in Sources */,
				EF20310D2B3425190002669E /* AppDelegate.swift in Sources */,
				EF0101072B34D14200BB0556 /* ViewControllerExtension.swift in Sources */,
				EF01010F2B34DAFE00BB0556 /* ImagePreviewViewController.swift in Sources */,
				EF20310F2B3425190002669E /* SceneDelegate.swift in Sources */,
			);
			runOnlyForDeploymentPostprocessing = 0;
		};
/* End PBXSourcesBuildPhase section */

/* Begin PBXVariantGroup section */
		EF2031122B3425190002669E /* Main.storyboard */ = {
			isa = PBXVariantGroup;
			children = (
				EF2031132B3425190002669E /* Base */,
			);
			name = Main.storyboard;
			sourceTree = "<group>";
		};
		EF2031172B34251C0002669E /* LaunchScreen.storyboard */ = {
			isa = PBXVariantGroup;
			children = (
				EF2031182B34251C0002669E /* Base */,
			);
			name = LaunchScreen.storyboard;
			sourceTree = "<group>";
		};
/* End PBXVariantGroup section */

/* Begin XCBuildConfiguration section */
		EF20311B2B34251C0002669E /* Debug */ = {
			isa = XCBuildConfiguration;
			buildSettings = {
				ALWAYS_SEARCH_USER_PATHS = NO;
				ASSETCATALOG_COMPILER_GENERATE_SWIFT_ASSET_SYMBOL_EXTENSIONS = YES;
				CLANG_ANALYZER_NONNULL = YES;
				CLANG_ANALYZER_NUMBER_OBJECT_CONVERSION = YES_AGGRESSIVE;
				CLANG_CXX_LANGUAGE_STANDARD = "gnu++20";
				CLANG_ENABLE_MODULES = YES;
				CLANG_ENABLE_OBJC_ARC = YES;
				CLANG_ENABLE_OBJC_WEAK = YES;
				CLANG_WARN_BLOCK_CAPTURE_AUTORELEASING = YES;
				CLANG_WARN_BOOL_CONVERSION = YES;
				CLANG_WARN_COMMA = YES;
				CLANG_WARN_CONSTANT_CONVERSION = YES;
				CLANG_WARN_DEPRECATED_OBJC_IMPLEMENTATIONS = YES;
				CLANG_WARN_DIRECT_OBJC_ISA_USAGE = YES_ERROR;
				CLANG_WARN_DOCUMENTATION_COMMENTS = YES;
				CLANG_WARN_EMPTY_BODY = YES;
				CLANG_WARN_ENUM_CONVERSION = YES;
				CLANG_WARN_INFINITE_RECURSION = YES;
				CLANG_WARN_INT_CONVERSION = YES;
				CLANG_WARN_NON_LITERAL_NULL_CONVERSION = YES;
				CLANG_WARN_OBJC_IMPLICIT_RETAIN_SELF = YES;
				CLANG_WARN_OBJC_LITERAL_CONVERSION = YES;
				CLANG_WARN_OBJC_ROOT_CLASS = YES_ERROR;
				CLANG_WARN_QUOTED_INCLUDE_IN_FRAMEWORK_HEADER = YES;
				CLANG_WARN_RANGE_LOOP_ANALYSIS = YES;
				CLANG_WARN_STRICT_PROTOTYPES = YES;
				CLANG_WARN_SUSPICIOUS_MOVE = YES;
				CLANG_WARN_UNGUARDED_AVAILABILITY = YES_AGGRESSIVE;
				CLANG_WARN_UNREACHABLE_CODE = YES;
				CLANG_WARN__DUPLICATE_METHOD_MATCH = YES;
				COPY_PHASE_STRIP = NO;
				DEBUG_INFORMATION_FORMAT = dwarf;
				ENABLE_STRICT_OBJC_MSGSEND = YES;
				ENABLE_TESTABILITY = YES;
				ENABLE_USER_SCRIPT_SANDBOXING = YES;
				GCC_C_LANGUAGE_STANDARD = gnu17;
				GCC_DYNAMIC_NO_PIC = NO;
				GCC_NO_COMMON_BLOCKS = YES;
				GCC_OPTIMIZATION_LEVEL = 0;
				GCC_PREPROCESSOR_DEFINITIONS = (
					"DEBUG=1",
					"$(inherited)",
				);
				GCC_WARN_64_TO_32_BIT_CONVERSION = YES;
				GCC_WARN_ABOUT_RETURN_TYPE = YES_ERROR;
				GCC_WARN_UNDECLARED_SELECTOR = YES;
				GCC_WARN_UNINITIALIZED_AUTOS = YES_AGGRESSIVE;
				GCC_WARN_UNUSED_FUNCTION = YES;
				GCC_WARN_UNUSED_VARIABLE = YES;
				IPHONEOS_DEPLOYMENT_TARGET = 17.2;
				LOCALIZATION_PREFERS_STRING_CATALOGS = YES;
				MTL_ENABLE_DEBUG_INFO = INCLUDE_SOURCE;
				MTL_FAST_MATH = YES;
				ONLY_ACTIVE_ARCH = YES;
				SDKROOT = iphoneos;
				SWIFT_ACTIVE_COMPILATION_CONDITIONS = "DEBUG $(inherited)";
				SWIFT_OPTIMIZATION_LEVEL = "-Onone";
			};
			name = Debug;
		};
		EF20311C2B34251C0002669E /* Release */ = {
			isa = XCBuildConfiguration;
			buildSettings = {
				ALWAYS_SEARCH_USER_PATHS = NO;
				ASSETCATALOG_COMPILER_GENERATE_SWIFT_ASSET_SYMBOL_EXTENSIONS = YES;
				CLANG_ANALYZER_NONNULL = YES;
				CLANG_ANALYZER_NUMBER_OBJECT_CONVERSION = YES_AGGRESSIVE;
				CLANG_CXX_LANGUAGE_STANDARD = "gnu++20";
				CLANG_ENABLE_MODULES = YES;
				CLANG_ENABLE_OBJC_ARC = YES;
				CLANG_ENABLE_OBJC_WEAK = YES;
				CLANG_WARN_BLOCK_CAPTURE_AUTORELEASING = YES;
				CLANG_WARN_BOOL_CONVERSION = YES;
				CLANG_WARN_COMMA = YES;
				CLANG_WARN_CONSTANT_CONVERSION = YES;
				CLANG_WARN_DEPRECATED_OBJC_IMPLEMENTATIONS = YES;
				CLANG_WARN_DIRECT_OBJC_ISA_USAGE = YES_ERROR;
				CLANG_WARN_DOCUMENTATION_COMMENTS = YES;
				CLANG_WARN_EMPTY_BODY = YES;
				CLANG_WARN_ENUM_CONVERSION = YES;
				CLANG_WARN_INFINITE_RECURSION = YES;
				CLANG_WARN_INT_CONVERSION = YES;
				CLANG_WARN_NON_LITERAL_NULL_CONVERSION = YES;
				CLANG_WARN_OBJC_IMPLICIT_RETAIN_SELF = YES;
				CLANG_WARN_OBJC_LITERAL_CONVERSION = YES;
				CLANG_WARN_OBJC_ROOT_CLASS = YES_ERROR;
				CLANG_WARN_QUOTED_INCLUDE_IN_FRAMEWORK_HEADER = YES;
				CLANG_WARN_RANGE_LOOP_ANALYSIS = YES;
				CLANG_WARN_STRICT_PROTOTYPES = YES;
				CLANG_WARN_SUSPICIOUS_MOVE = YES;
				CLANG_WARN_UNGUARDED_AVAILABILITY = YES_AGGRESSIVE;
				CLANG_WARN_UNREACHABLE_CODE = YES;
				CLANG_WARN__DUPLICATE_METHOD_MATCH = YES;
				COPY_PHASE_STRIP = NO;
				DEBUG_INFORMATION_FORMAT = "dwarf-with-dsym";
				ENABLE_NS_ASSERTIONS = NO;
				ENABLE_STRICT_OBJC_MSGSEND = YES;
				ENABLE_USER_SCRIPT_SANDBOXING = YES;
				GCC_C_LANGUAGE_STANDARD = gnu17;
				GCC_NO_COMMON_BLOCKS = YES;
				GCC_WARN_64_TO_32_BIT_CONVERSION = YES;
				GCC_WARN_ABOUT_RETURN_TYPE = YES_ERROR;
				GCC_WARN_UNDECLARED_SELECTOR = YES;
				GCC_WARN_UNINITIALIZED_AUTOS = YES_AGGRESSIVE;
				GCC_WARN_UNUSED_FUNCTION = YES;
				GCC_WARN_UNUSED_VARIABLE = YES;
				IPHONEOS_DEPLOYMENT_TARGET = 17.2;
				LOCALIZATION_PREFERS_STRING_CATALOGS = YES;
				MTL_ENABLE_DEBUG_INFO = NO;
				MTL_FAST_MATH = YES;
				SDKROOT = iphoneos;
				SWIFT_COMPILATION_MODE = wholemodule;
				VALIDATE_PRODUCT = YES;
			};
			name = Release;
		};
		EF20311E2B34251C0002669E /* Debug */ = {
			isa = XCBuildConfiguration;
			buildSettings = {
				ASSETCATALOG_COMPILER_APPICON_NAME = AppIcon;
				ASSETCATALOG_COMPILER_GLOBAL_ACCENT_COLOR_NAME = AccentColor;
				"CODE_SIGN_IDENTITY[sdk=iphoneos*]" = "iPhone Developer";
				CODE_SIGN_STYLE = Manual;
				CURRENT_PROJECT_VERSION = 1;
				DEVELOPMENT_TEAM = "";
				"DEVELOPMENT_TEAM[sdk=iphoneos*]" = FG7RD6RV2F;
				GENERATE_INFOPLIST_FILE = YES;
				INFOPLIST_FILE = "iOS Assessment/Info.plist";
				INFOPLIST_KEY_NSCameraUsageDescription = "We need access to your camera.";
				INFOPLIST_KEY_NSPhotoLibraryAddUsageDescription = "We need access to your photo library to save and share images.";
				INFOPLIST_KEY_NSPhotoLibraryUsageDescription = "We need access to your photo library to save and share images.";
				INFOPLIST_KEY_UIApplicationSupportsIndirectInputEvents = YES;
				INFOPLIST_KEY_UILaunchStoryboardName = LaunchScreen;
				INFOPLIST_KEY_UIMainStoryboardFile = Main;
				INFOPLIST_KEY_UISupportedInterfaceOrientations = UIInterfaceOrientationPortrait;
				IPHONEOS_DEPLOYMENT_TARGET = 17.0;
				LD_RUNPATH_SEARCH_PATHS = (
					"$(inherited)",
					"@executable_path/Frameworks",
				);
				MARKETING_VERSION = 1.0;
				PRODUCT_BUNDLE_IDENTIFIER = com.sofit.photo.bg.remover;
				PRODUCT_NAME = "$(TARGET_NAME)";
				PROVISIONING_PROFILE_SPECIFIER = "";
				"PROVISIONING_PROFILE_SPECIFIER[sdk=iphoneos*]" = "BG-Remover-Dev-Profile";
				SWIFT_EMIT_LOC_STRINGS = YES;
				SWIFT_VERSION = 5.0;
				TARGETED_DEVICE_FAMILY = "1,2";
				TVOS_DEPLOYMENT_TARGET = 17.0;
			};
			name = Debug;
		};
		EF20311F2B34251C0002669E /* Release */ = {
			isa = XCBuildConfiguration;
			buildSettings = {
				ASSETCATALOG_COMPILER_APPICON_NAME = AppIcon;
				ASSETCATALOG_COMPILER_GLOBAL_ACCENT_COLOR_NAME = AccentColor;
				"CODE_SIGN_IDENTITY[sdk=iphoneos*]" = "iPhone Distribution";
				CODE_SIGN_STYLE = Manual;
				CURRENT_PROJECT_VERSION = 1;
				DEVELOPMENT_TEAM = "";
				"DEVELOPMENT_TEAM[sdk=iphoneos*]" = FG7RD6RV2F;
				GENERATE_INFOPLIST_FILE = YES;
				INFOPLIST_FILE = "iOS Assessment/Info.plist";
				INFOPLIST_KEY_NSCameraUsageDescription = "We need access to your camera.";
				INFOPLIST_KEY_NSPhotoLibraryAddUsageDescription = "We need access to your photo library to save and share images.";
				INFOPLIST_KEY_NSPhotoLibraryUsageDescription = "We need access to your photo library to save and share images.";
				INFOPLIST_KEY_UIApplicationSupportsIndirectInputEvents = YES;
				INFOPLIST_KEY_UILaunchStoryboardName = LaunchScreen;
				INFOPLIST_KEY_UIMainStoryboardFile = Main;
				INFOPLIST_KEY_UISupportedInterfaceOrientations = UIInterfaceOrientationPortrait;
				IPHONEOS_DEPLOYMENT_TARGET = 17.0;
				LD_RUNPATH_SEARCH_PATHS = (
					"$(inherited)",
					"@executable_path/Frameworks",
				);
				MARKETING_VERSION = 1.0;
				PRODUCT_BUNDLE_IDENTIFIER = com.sofit.photo.bg.remover;
				PRODUCT_NAME = "$(TARGET_NAME)";
				PROVISIONING_PROFILE_SPECIFIER = "";
				"PROVISIONING_PROFILE_SPECIFIER[sdk=iphoneos*]" = "BG-Remover-Prod-Profile";
				SWIFT_EMIT_LOC_STRINGS = YES;
				SWIFT_VERSION = 5.0;
				TARGETED_DEVICE_FAMILY = "1,2";
				TVOS_DEPLOYMENT_TARGET = 17.0;
			};
			name = Release;
		};
/* End XCBuildConfiguration section */

/* Begin XCConfigurationList section */
		EF2031042B3425190002669E /* Build configuration list for PBXProject "iOS Assessment" */ = {
			isa = XCConfigurationList;
			buildConfigurations = (
				EF20311B2B34251C0002669E /* Debug */,
				EF20311C2B34251C0002669E /* Release */,
			);
			defaultConfigurationIsVisible = 0;
			defaultConfigurationName = Release;
		};
		EF20311D2B34251C0002669E /* Build configuration list for PBXNativeTarget "iOS Assessment" */ = {
			isa = XCConfigurationList;
			buildConfigurations = (
				EF20311E2B34251C0002669E /* Debug */,
				EF20311F2B34251C0002669E /* Release */,
			);
			defaultConfigurationIsVisible = 0;
			defaultConfigurationName = Release;
		};
/* End XCConfigurationList section */
	};
	rootObject = EF2031012B3425190002669E /* Project object */;
}
